{
  "name": "microenvi-sandbox",
  "version": "1.0.0",
  "lockfileVersion": 1,
  "requires": true,
  "dependencies": {
    "preact": {
      "version": "8.2.9",
      "resolved": "https://registry.npmjs.org/preact/-/preact-8.2.9.tgz",
      "integrity": "sha512-ThuGXBmJS3VsT+jIP+eQufD3L8pRw/PY3FoCys6O9Pu6aF12Pn9zAJDX99TfwRAFOCEKm/P0lwiPTbqKMJp0fA=="
    }
  }
}
